
Microsoft Visual Studio Solution File, Format Version 12.00
# Visual Studio 15
VisualStudioVersion = 15.0.28307.489
MinimumVisualStudioVersion = 10.0.40219.1
Project("{FAE04EC0-301F-11D3-BF4B-00C04F79EFBC}") = "SportsStore.Domain", "SportsStore.Domain\SportsStore.Domain.csproj", "{37F8EF99-85F2-4A42-A27D-6F903AE327BE}"
EndProject
Project("{FAE04EC0-301F-11D3-BF4B-00C04F79EFBC}") = "SportsStore.WebUI", "SportsStore.WebUI\SportsStore.WebUI.csproj", "{77EADE15-3CE7-4118-8B22-734FAC4E2B0A}"
EndProject
Project("{FAE04EC0-301F-11D3-BF4B-00C04F79EFBC}") = "SportsStore.UnitTest", "SportsStore.UnitTest\SportsStore.UnitTest.csproj", "{6EC9E5E6-D68F-4799-82B9-47380506EBE0}"
EndProject
Global
	GlobalSection(SolutionConfigurationPlatforms) = preSolution
		Debug|Any CPU = Debug|Any CPU
		Release|Any CPU = Release|Any CPU
	EndGlobalSection
	GlobalSection(ProjectConfigurationPlatforms) = postSolution
		{37F8EF99-85F2-4A42-A27D-6F903AE327BE}.Debug|Any CPU.ActiveCfg = Debug|Any CPU
		{37F8EF99-85F2-4A42-A27D-6F903AE327BE}.Debug|Any CPU.Build.0 = Debug|Any CPU
		{37F8EF99-85F2-4A42-A27D-6F903AE327BE}.Release|Any CPU.ActiveCfg = Release|Any CPU
		{37F8EF99-85F2-4A42-A27D-6F903AE327BE}.Release|Any CPU.Build.0 = Release|Any CPU
		{77EADE15-3CE7-4118-8B22-734FAC4E2B0A}.Debug|Any CPU.ActiveCfg = Debug|Any CPU
		{77EADE15-3CE7-4118-8B22-734FAC4E2B0A}.Debug|Any CPU.Build.0 = Debug|Any CPU
		{77EADE15-3CE7-4118-8B22-734FAC4E2B0A}.Release|Any CPU.ActiveCfg = Release|Any CPU
		{77EADE15-3CE7-4118-8B22-734FAC4E2B0A}.Release|Any CPU.Build.0 = Release|Any CPU
		{6EC9E5E6-D68F-4799-82B9-47380506EBE0}.Debug|Any CPU.ActiveCfg = Debug|Any CPU
		{6EC9E5E6-D68F-4799-82B9-47380506EBE0}.Debug|Any CPU.Build.0 = Debug|Any CPU
		{6EC9E5E6-D68F-4799-82B9-47380506EBE0}.Release|Any CPU.ActiveCfg = Release|Any CPU
		{6EC9E5E6-D68F-4799-82B9-47380506EBE0}.Release|Any CPU.Build.0 = Release|Any CPU
	EndGlobalSection
	GlobalSection(SolutionProperties) = preSolution
		HideSolutionNode = FALSE
	EndGlobalSection
	GlobalSection(ExtensibilityGlobals) = postSolution
		SolutionGuid = {1B840539-0BA9-4085-AB64-5EB1F1880789}
	EndGlobalSection
EndGlobal
